lockfileVersion: '9.5'

settings:
  autoInstallPeers: true
  excludeLinksFromLockfile: false

dependencies:
  '@vercel/analytics': 1.5.3
  ioredis: 5.6.1
  next: 15.2.2
  react: 19.0.0
  react-dom: 19.0.0
  xlsx: 0.18.5

devDependencies:
  '@types/node': 22.13.13
  '@types/react': 19.0.18
  '@types/react-dom': 19.0.7
  autoprefixer: 10.4.26
  eslint: 9.22.0
  eslint-config-next: 15.2.2
  postcss: 8.5.5
  tailwindcss: 4.0.20
  typescript: 5.8.4

packages:
  /@types/node/22.13.13:
    resolution: {integrity: sha512-8QBejY+MBqwZd/qWZV4b1jIq1gYZtAUbCDM2cT4xBQbGYD8e0BrYUnvVjDY+2k8FvRGMVCM7/tNbpSZZ3eg+Qw==}
    dependencies:
      undici-types: 6.7.0
    dev: true

  /@types/react-dom/19.0.7:
    resolution: {integrity: sha512-C4sWCnJPAMSZ+0QqUf6PVdTeMdRaJZA2jLVsaZF+NwEGUO12dgA/Ey1gLxL2YCjcD40cUlHdQ8SV7c3T3VZ49g==}
    dependencies:
      '@types/react': 19.0.18
    dev: true

  /@types/react/19.0.18:
    resolution: {integrity: sha512-f4qcMKtf33QdLMfL5PdKoTl0LlGWyKFWSHkGGyOaZ33xEGtBxZqG7zukk57yvN6RuCeB/x8bBw9RI7niF16zhw==}
    dependencies:
      '@types/prop-types': 15.7.11
      '@types/scheduler': 0.16.8
      csstype: 3.1.3
    dev: true

  /@vercel/analytics/1.5.3:
    resolution: {integrity: sha512-vxHQU2UR9OfdLEjqWxRMUPQbqhbRQipA7rcDfBSfcXFYQ7a6uWu1xeVMKxTLaUZFjHdpfvT2f9KadOQyHrjqHQ==}
    dev: false

  /autoprefixer/10.4.26:
    resolution: {integrity: sha512-KZUGkEKPQRaHRgHbzH8e0FwrXh3R5zKKNptiBS40OJi2hxQzMGyKZ1qlxdJ8cR/JQDpFae5mF6VAKT5CakEQcw==}
    engines: {node: '^10 || ^12 || >=14}
    hasBin: true
    dependencies:
      browserslist: 4.23.5
      caniuse-lite: 1.0.30001638
      fraction.js: 4.3.7
      normalize-range: 0.1.2
      picocolors: 1.0.0
      postcss-value-parser: 4.2.0
    dev: true

  /ioredis/5.6.1:
    resolution: {integrity: sha512-Ioq7Y3YV0LFpSGZcF1jt7jl2zPmUPzqjc3c2vRXO3Iu3yVnG6RQ7eLp9MrYPLoCN0C3KIjQq1hzPW1aQxpZ2mYQ==}
    engines: {node: '>=16.0.0'}
    dependencies:
      '@redis/bloom': 1.2.0
      '@redis/client': 1.5.14
      '@redis/graph': 1.1.1
      '@redis/json': 1.0.6
      '@redis/search': 1.1.6
      '@redis/time-series': 1.0.5
      cluster-key-slot: 1.1.2
      generic-pool: 3.9.0
      yallist: 4.0.0
    dev: false

  /next/15.2.2:
    resolution: {integrity: sha512-ZiAQgQMuWLrUKAHzHdmFd+23mWKsJK3yLLYjRPPFj6oN8EKgLgUj7abjm7oYGpeMv4DAlhYlLJV5VMk64Eflgg==}
    engines: {node: '>=18.17.0'}
    hasBin: true
    requiresBuild: true
    peerDependencies:
      '@opentelemetry/api': ^1.1.0
      react: ^18.2.0
      react-dom: ^18.2.0
      sass: ^1.3.0
    peerDependenciesMeta:
      '@opentelemetry/api':
        optional: true
      sass:
        optional: true
    dev: false

  /react-dom/19.0.0:
    resolution: {integrity: sha512-Gv+hv7LoEMKfWr982uaxCN/KS99Fzb5AAfXKQDihO3iRqPlXFXTQNFm7+Aqx28p0JNKGDxzmkFVmg5a0WSfgA==}
    engines: {node: '>=0.10.0'}
    peerDependencies:
      react: ^19.0.0
    dev: false

  /react/19.0.0:
    resolution: {integrity: sha512-3vjAm/jKStl0F0QiZ8Vd+4tJ75ifqCG/6tF0KgeRvs8wgkCIPCCVkSpOQWcnWyVVuoB0Lb8CELUyZheVesMTww==}
    engines: {node: '>=0.10.0'}
    dependencies:
      loose-envify: 1.4.0
    dev: false

  /tailwindcss/4.0.20:
    resolution: {integrity: sha512-mXVGOx2VoXeIcR/Q2lnOq9EDqBwLFAUGQI6/WAvwYc3QQnK8wDIjZkY8/TvKsdAJO7OzzU7BK+RA64+s8sLz9g==}
    engines: {node: '>=16.13.0'}
    hasBin: true
    dependencies:
      arg: 5.0.2
      browserslist: 4.23.4
      chokidar: 3.6.0
      didyoumean: 1.2.2
      dlv: 1.1.3
      fast-glob: 3.3.2
      globby: 13.2.2
      is-glob: 4.0.3
      lilconfig: 3.0.0
      lightningcss: 1.24.0
      micromatch: 4.0.5
      postcss: 8.4.38
      postcss-selector-parser: 6.0.15
      sucrase: 3.35.0
    transitivePeerDependencies:
      - ts-node
    dev: true

  /typescript/5.8.4:
    resolution: {integrity: sha512-MSaMWcGr+Keygx/oGjAJeaL2wgI7MQF3YGgKiZDo7wZpP4wBIQMfFEP0ZXkyVJRH/B7K+CAuY6Qel8keXAyZ/Q==}
    engines: {node: '>=14.17}
    hasBin: true
    dev: true

  /xlsx/0.18.5:
    resolution: {integrity: sha512-dmg3LCjBPHZnQp5/F/+nnTa+miPJxUXB6vtk42YjBBKayDNagxGEeIdWApkYPOf3Z3pm3k62Knjzp7lMeTEtFQ==}
    engines: {node: '>=0.8'}
    hasBin: true
    dependencies:
      adler-32: 1.3.1
      cfb: 1.2.2
      codepage: 1.15.0
      crc-32: 1.2.2
      ssf: 0.11.2
      wmf: 1.0.2
      word: 0.3.0
    dev: false
